
Microsoft Visual Studio Solution File, Format Version 12.00
# Visual Studio 15
VisualStudioVersion = 15.0.28307.1972
MinimumVisualStudioVersion = 10.0.40219.1
Project("{FAE04EC0-301F-11D3-BF4B-00C04F79EFBC}") = "Order", "Order\Order.csproj", "{F52BD512-3FBA-476E-AF9A-113720CBA4B5}"
EndProject
Project("{FAE04EC0-301F-11D3-BF4B-00C04F79EFBC}") = "OrderUTest", "OrderUTest\OrderUTest.csproj", "{A4020100-6DA2-4562-91A3-4850D234A542}"
EndProject
Project("{FAE04EC0-301F-11D3-BF4B-00C04F79EFBC}") = "OrderWinform", "OrderWinform\OrderWinform.csproj", "{ECB64307-9A22-4AEF-AEBD-11FFEFDA03C6}"
EndProject
Global
	GlobalSection(SolutionConfigurationPlatforms) = preSolution
		Debug|Any CPU = Debug|Any CPU
		Release|Any CPU = Release|Any CPU
	EndGlobalSection
	GlobalSection(ProjectConfigurationPlatforms) = postSolution
		{F52BD512-3FBA-476E-AF9A-113720CBA4B5}.Debug|Any CPU.ActiveCfg = Debug|Any CPU
		{F52BD512-3FBA-476E-AF9A-113720CBA4B5}.Debug|Any CPU.Build.0 = Debug|Any CPU
		{F52BD512-3FBA-476E-AF9A-113720CBA4B5}.Release|Any CPU.ActiveCfg = Release|Any CPU
		{F52BD512-3FBA-476E-AF9A-113720CBA4B5}.Release|Any CPU.Build.0 = Release|Any CPU
		{A4020100-6DA2-4562-91A3-4850D234A542}.Debug|Any CPU.ActiveCfg = Debug|Any CPU
		{A4020100-6DA2-4562-91A3-4850D234A542}.Debug|Any CPU.Build.0 = Debug|Any CPU
		{A4020100-6DA2-4562-91A3-4850D234A542}.Release|Any CPU.ActiveCfg = Release|Any CPU
		{A4020100-6DA2-4562-91A3-4850D234A542}.Release|Any CPU.Build.0 = Release|Any CPU
		{ECB64307-9A22-4AEF-AEBD-11FFEFDA03C6}.Debug|Any CPU.ActiveCfg = Debug|Any CPU
		{ECB64307-9A22-4AEF-AEBD-11FFEFDA03C6}.Debug|Any CPU.Build.0 = Debug|Any CPU
		{ECB64307-9A22-4AEF-AEBD-11FFEFDA03C6}.Release|Any CPU.ActiveCfg = Release|Any CPU
		{ECB64307-9A22-4AEF-AEBD-11FFEFDA03C6}.Release|Any CPU.Build.0 = Release|Any CPU
	EndGlobalSection
	GlobalSection(SolutionProperties) = preSolution
		HideSolutionNode = FALSE
	EndGlobalSection
	GlobalSection(ExtensibilityGlobals) = postSolution
		SolutionGuid = {4CAB2F26-72BC-4824-8739-F970136E57BD}
	EndGlobalSection
EndGlobal
